
Microsoft Visual Studio Solution File, Format Version 12.00
# Visual Studio Version 17
VisualStudioVersion = 17.13.35931.197 d17.13
MinimumVisualStudioVersion = 10.0.40219.1
Project("{FAE04EC0-301F-11D3-BF4B-00C04F79EFBC}") = "DadJokeAPI", "DadJokeAPI\DadJokeAPI.csproj", "{5EF7A849-8753-45DE-8DC5-AE945A30B3B7}"
EndProject
Global
	GlobalSection(SolutionConfigurationPlatforms) = preSolution
		Debug|Any CPU = Debug|Any CPU
		Release|Any CPU = Release|Any CPU
	EndGlobalSection
	GlobalSection(ProjectConfigurationPlatforms) = postSolution
		{5EF7A849-8753-45DE-8DC5-AE945A30B3B7}.Debug|Any CPU.ActiveCfg = Debug|Any CPU
		{5EF7A849-8753-45DE-8DC5-AE945A30B3B7}.Debug|Any CPU.Build.0 = Debug|Any CPU
		{5EF7A849-8753-45DE-8DC5-AE945A30B3B7}.Release|Any CPU.ActiveCfg = Release|Any CPU
		{5EF7A849-8753-45DE-8DC5-AE945A30B3B7}.Release|Any CPU.Build.0 = Release|Any CPU
	EndGlobalSection
	GlobalSection(SolutionProperties) = preSolution
		HideSolutionNode = FALSE
	EndGlobalSection
	GlobalSection(ExtensibilityGlobals) = postSolution
		SolutionGuid = {4D818117-CD36-45FA-B061-AAF9BE3928EB}
	EndGlobalSection
EndGlobal
